
Microsoft Visual Studio Solution File, Format Version 12.00
# Visual Studio 15
VisualStudioVersion = 15.0.28307.489
MinimumVisualStudioVersion = 10.0.40219.1
Project("{FAE04EC0-301F-11D3-BF4B-00C04F79EFBC}") = "EmptyKeysUI", "EmptyKeysUI\EmptyKeysUI.csproj", "{4271BF90-A694-4E27-897A-ACE45DF2BB18}"
EndProject
Project("{FAE04EC0-301F-11D3-BF4B-00C04F79EFBC}") = "CrossPlatformGame", "CrossPlatformGame\CrossPlatformGame.csproj", "{739F2F51-455F-469C-B5AD-A3F87092CB30}"
	ProjectSection(ProjectDependencies) = postProject
		{A0163533-B7DA-4350-8039-33D068FD3785} = {A0163533-B7DA-4350-8039-33D068FD3785}
	EndProjectSection
EndProject
Project("{FAE04EC0-301F-11D3-BF4B-00C04F79EFBC}") = "GameCommon", "GameCommon\GameCommon.csproj", "{A0163533-B7DA-4350-8039-33D068FD3785}"
EndProject
Global
	GlobalSection(SolutionConfigurationPlatforms) = preSolution
		Debug|Any CPU = Debug|Any CPU
		Release|Any CPU = Release|Any CPU
	EndGlobalSection
	GlobalSection(ProjectConfigurationPlatforms) = postSolution
		{4271BF90-A694-4E27-897A-ACE45DF2BB18}.Debug|Any CPU.ActiveCfg = Debug|Any CPU
		{4271BF90-A694-4E27-897A-ACE45DF2BB18}.Debug|Any CPU.Build.0 = Debug|Any CPU
		{4271BF90-A694-4E27-897A-ACE45DF2BB18}.Release|Any CPU.ActiveCfg = Release|Any CPU
		{4271BF90-A694-4E27-897A-ACE45DF2BB18}.Release|Any CPU.Build.0 = Release|Any CPU
		{739F2F51-455F-469C-B5AD-A3F87092CB30}.Debug|Any CPU.ActiveCfg = Debug|Any CPU
		{739F2F51-455F-469C-B5AD-A3F87092CB30}.Debug|Any CPU.Build.0 = Debug|Any CPU
		{739F2F51-455F-469C-B5AD-A3F87092CB30}.Release|Any CPU.ActiveCfg = Release|Any CPU
		{739F2F51-455F-469C-B5AD-A3F87092CB30}.Release|Any CPU.Build.0 = Release|Any CPU
		{A0163533-B7DA-4350-8039-33D068FD3785}.Debug|Any CPU.ActiveCfg = Debug|Any CPU
		{A0163533-B7DA-4350-8039-33D068FD3785}.Debug|Any CPU.Build.0 = Debug|Any CPU
		{A0163533-B7DA-4350-8039-33D068FD3785}.Release|Any CPU.ActiveCfg = Release|Any CPU
		{A0163533-B7DA-4350-8039-33D068FD3785}.Release|Any CPU.Build.0 = Release|Any CPU
	EndGlobalSection
	GlobalSection(SolutionProperties) = preSolution
		HideSolutionNode = FALSE
	EndGlobalSection
	GlobalSection(ExtensibilityGlobals) = postSolution
		SolutionGuid = {782EBFBF-8A86-4AC6-9F8A-42C2E7A67684}
	EndGlobalSection
EndGlobal
